
Microsoft Visual Studio Solution File, Format Version 12.00
# Visual Studio 15
VisualStudioVersion = 15.0.28307.489
MinimumVisualStudioVersion = 10.0.40219.1
Project("{FAE04EC0-301F-11D3-BF4B-00C04F79EFBC}") = "Laboratorio_04", "Laboratorio_04\Laboratorio_04.csproj", "{80BA2E62-8048-4B6A-B6F0-EB3C79039677}"
EndProject
Global
	GlobalSection(SolutionConfigurationPlatforms) = preSolution
		Debug|Any CPU = Debug|Any CPU
		Release|Any CPU = Release|Any CPU
	EndGlobalSection
	GlobalSection(ProjectConfigurationPlatforms) = postSolution
		{80BA2E62-8048-4B6A-B6F0-EB3C79039677}.Debug|Any CPU.ActiveCfg = Debug|Any CPU
		{80BA2E62-8048-4B6A-B6F0-EB3C79039677}.Debug|Any CPU.Build.0 = Debug|Any CPU
		{80BA2E62-8048-4B6A-B6F0-EB3C79039677}.Release|Any CPU.ActiveCfg = Release|Any CPU
		{80BA2E62-8048-4B6A-B6F0-EB3C79039677}.Release|Any CPU.Build.0 = Release|Any CPU
	EndGlobalSection
	GlobalSection(SolutionProperties) = preSolution
		HideSolutionNode = FALSE
	EndGlobalSection
	GlobalSection(ExtensibilityGlobals) = postSolution
		SolutionGuid = {420EEBB5-3387-4B3C-A1B2-535469735279}
	EndGlobalSection
EndGlobal
